
Microsoft Visual Studio Solution File, Format Version 12.00
# Visual Studio 15
VisualStudioVersion = 15.0.26124.0
MinimumVisualStudioVersion = 15.0.26124.0
Project("{FAE04EC0-301F-11D3-BF4B-00C04F79EFBC}") = "Passenger.Core", "Passenger.Core\Passenger.Core.csproj", "{F64DC523-AE06-4EE5-8F46-6D97849325D2}"
EndProject
Project("{FAE04EC0-301F-11D3-BF4B-00C04F79EFBC}") = "Passenger.Infrastructure", "Passenger.Infrastructure\Passenger.Infrastructure.csproj", "{2C53B424-3FB9-42D6-8B6B-E24EC9E6EEC5}"
EndProject
Project("{FAE04EC0-301F-11D3-BF4B-00C04F79EFBC}") = "Passenger.Api", "Passenger.Api\Passenger.Api.csproj", "{73E9ECF1-AA75-4897-8980-52EDC1F6BD51}"
EndProject
Project("{FAE04EC0-301F-11D3-BF4B-00C04F79EFBC}") = "Passenger.Tests", "Passenger.Tests\Passenger.Tests.csproj", "{B3F56013-CEDF-4FDD-9687-198BA3FA1A86}"
EndProject
Project("{FAE04EC0-301F-11D3-BF4B-00C04F79EFBC}") = "Passenger.Tests.EndToEnd", "Passenger.Tests.EndToEnd\Passenger.Tests.EndToEnd.csproj", "{C3807833-BDF6-4FEC-8304-AB5215F60B1D}"
EndProject
Global
	GlobalSection(SolutionConfigurationPlatforms) = preSolution
		Debug|Any CPU = Debug|Any CPU
		Debug|x64 = Debug|x64
		Debug|x86 = Debug|x86
		Release|Any CPU = Release|Any CPU
		Release|x64 = Release|x64
		Release|x86 = Release|x86
	EndGlobalSection
	GlobalSection(SolutionProperties) = preSolution
		HideSolutionNode = FALSE
	EndGlobalSection
	GlobalSection(ProjectConfigurationPlatforms) = postSolution
		{F64DC523-AE06-4EE5-8F46-6D97849325D2}.Debug|Any CPU.ActiveCfg = Debug|Any CPU
		{F64DC523-AE06-4EE5-8F46-6D97849325D2}.Debug|Any CPU.Build.0 = Debug|Any CPU
		{F64DC523-AE06-4EE5-8F46-6D97849325D2}.Debug|x64.ActiveCfg = Debug|x64
		{F64DC523-AE06-4EE5-8F46-6D97849325D2}.Debug|x64.Build.0 = Debug|x64
		{F64DC523-AE06-4EE5-8F46-6D97849325D2}.Debug|x86.ActiveCfg = Debug|x86
		{F64DC523-AE06-4EE5-8F46-6D97849325D2}.Debug|x86.Build.0 = Debug|x86
		{F64DC523-AE06-4EE5-8F46-6D97849325D2}.Release|Any CPU.ActiveCfg = Release|Any CPU
		{F64DC523-AE06-4EE5-8F46-6D97849325D2}.Release|Any CPU.Build.0 = Release|Any CPU
		{F64DC523-AE06-4EE5-8F46-6D97849325D2}.Release|x64.ActiveCfg = Release|x64
		{F64DC523-AE06-4EE5-8F46-6D97849325D2}.Release|x64.Build.0 = Release|x64
		{F64DC523-AE06-4EE5-8F46-6D97849325D2}.Release|x86.ActiveCfg = Release|x86
		{F64DC523-AE06-4EE5-8F46-6D97849325D2}.Release|x86.Build.0 = Release|x86
		{2C53B424-3FB9-42D6-8B6B-E24EC9E6EEC5}.Debug|Any CPU.ActiveCfg = Debug|Any CPU
		{2C53B424-3FB9-42D6-8B6B-E24EC9E6EEC5}.Debug|Any CPU.Build.0 = Debug|Any CPU
		{2C53B424-3FB9-42D6-8B6B-E24EC9E6EEC5}.Debug|x64.ActiveCfg = Debug|x64
		{2C53B424-3FB9-42D6-8B6B-E24EC9E6EEC5}.Debug|x64.Build.0 = Debug|x64
		{2C53B424-3FB9-42D6-8B6B-E24EC9E6EEC5}.Debug|x86.ActiveCfg = Debug|x86
		{2C53B424-3FB9-42D6-8B6B-E24EC9E6EEC5}.Debug|x86.Build.0 = Debug|x86
		{2C53B424-3FB9-42D6-8B6B-E24EC9E6EEC5}.Release|Any CPU.ActiveCfg = Release|Any CPU
		{2C53B424-3FB9-42D6-8B6B-E24EC9E6EEC5}.Release|Any CPU.Build.0 = Release|Any CPU
		{2C53B424-3FB9-42D6-8B6B-E24EC9E6EEC5}.Release|x64.ActiveCfg = Release|x64
		{2C53B424-3FB9-42D6-8B6B-E24EC9E6EEC5}.Release|x64.Build.0 = Release|x64
		{2C53B424-3FB9-42D6-8B6B-E24EC9E6EEC5}.Release|x86.ActiveCfg = Release|x86
		{2C53B424-3FB9-42D6-8B6B-E24EC9E6EEC5}.Release|x86.Build.0 = Release|x86
		{73E9ECF1-AA75-4897-8980-52EDC1F6BD51}.Debug|Any CPU.ActiveCfg = Debug|Any CPU
		{73E9ECF1-AA75-4897-8980-52EDC1F6BD51}.Debug|Any CPU.Build.0 = Debug|Any CPU
		{73E9ECF1-AA75-4897-8980-52EDC1F6BD51}.Debug|x64.ActiveCfg = Debug|x64
		{73E9ECF1-AA75-4897-8980-52EDC1F6BD51}.Debug|x64.Build.0 = Debug|x64
		{73E9ECF1-AA75-4897-8980-52EDC1F6BD51}.Debug|x86.ActiveCfg = Debug|x86
		{73E9ECF1-AA75-4897-8980-52EDC1F6BD51}.Debug|x86.Build.0 = Debug|x86
		{73E9ECF1-AA75-4897-8980-52EDC1F6BD51}.Release|Any CPU.ActiveCfg = Release|Any CPU
		{73E9ECF1-AA75-4897-8980-52EDC1F6BD51}.Release|Any CPU.Build.0 = Release|Any CPU
		{73E9ECF1-AA75-4897-8980-52EDC1F6BD51}.Release|x64.ActiveCfg = Release|x64
		{73E9ECF1-AA75-4897-8980-52EDC1F6BD51}.Release|x64.Build.0 = Release|x64
		{73E9ECF1-AA75-4897-8980-52EDC1F6BD51}.Release|x86.ActiveCfg = Release|x86
		{73E9ECF1-AA75-4897-8980-52EDC1F6BD51}.Release|x86.Build.0 = Release|x86
		{B3F56013-CEDF-4FDD-9687-198BA3FA1A86}.Debug|Any CPU.ActiveCfg = Debug|Any CPU
		{B3F56013-CEDF-4FDD-9687-198BA3FA1A86}.Debug|Any CPU.Build.0 = Debug|Any CPU
		{B3F56013-CEDF-4FDD-9687-198BA3FA1A86}.Debug|x64.ActiveCfg = Debug|x64
		{B3F56013-CEDF-4FDD-9687-198BA3FA1A86}.Debug|x64.Build.0 = Debug|x64
		{B3F56013-CEDF-4FDD-9687-198BA3FA1A86}.Debug|x86.ActiveCfg = Debug|x86
		{B3F56013-CEDF-4FDD-9687-198BA3FA1A86}.Debug|x86.Build.0 = Debug|x86
		{B3F56013-CEDF-4FDD-9687-198BA3FA1A86}.Release|Any CPU.ActiveCfg = Release|Any CPU
		{B3F56013-CEDF-4FDD-9687-198BA3FA1A86}.Release|Any CPU.Build.0 = Release|Any CPU
		{B3F56013-CEDF-4FDD-9687-198BA3FA1A86}.Release|x64.ActiveCfg = Release|x64
		{B3F56013-CEDF-4FDD-9687-198BA3FA1A86}.Release|x64.Build.0 = Release|x64
		{B3F56013-CEDF-4FDD-9687-198BA3FA1A86}.Release|x86.ActiveCfg = Release|x86
		{B3F56013-CEDF-4FDD-9687-198BA3FA1A86}.Release|x86.Build.0 = Release|x86
		{C3807833-BDF6-4FEC-8304-AB5215F60B1D}.Debug|Any CPU.ActiveCfg = Debug|Any CPU
		{C3807833-BDF6-4FEC-8304-AB5215F60B1D}.Debug|Any CPU.Build.0 = Debug|Any CPU
		{C3807833-BDF6-4FEC-8304-AB5215F60B1D}.Debug|x64.ActiveCfg = Debug|x64
		{C3807833-BDF6-4FEC-8304-AB5215F60B1D}.Debug|x64.Build.0 = Debug|x64
		{C3807833-BDF6-4FEC-8304-AB5215F60B1D}.Debug|x86.ActiveCfg = Debug|x86
		{C3807833-BDF6-4FEC-8304-AB5215F60B1D}.Debug|x86.Build.0 = Debug|x86
		{C3807833-BDF6-4FEC-8304-AB5215F60B1D}.Release|Any CPU.ActiveCfg = Release|Any CPU
		{C3807833-BDF6-4FEC-8304-AB5215F60B1D}.Release|Any CPU.Build.0 = Release|Any CPU
		{C3807833-BDF6-4FEC-8304-AB5215F60B1D}.Release|x64.ActiveCfg = Release|x64
		{C3807833-BDF6-4FEC-8304-AB5215F60B1D}.Release|x64.Build.0 = Release|x64
		{C3807833-BDF6-4FEC-8304-AB5215F60B1D}.Release|x86.ActiveCfg = Release|x86
		{C3807833-BDF6-4FEC-8304-AB5215F60B1D}.Release|x86.Build.0 = Release|x86
	EndGlobalSection
EndGlobal
